<?xml version="1.0" encoding="utf-8"?>
<Project ToolsVersion="4.0" xmlns="http://schemas.microsoft.com/developer/msbuild/2003">
  <ItemGroup>
    <Filter Include="源文件">
      <UniqueIdentifier>{4FC737F1-C7A5-4376-A066-2A32D752A2FF}</UniqueIdentifier>
      <Extensions>cpp;c;cc;cxx;def;odl;idl;hpj;bat;asm;asmx</Extensions>
    </Filter>
    <Filter Include="头文件">
      <UniqueIdentifier>{93995380-89BD-4b04-88EB-625FBE52EBFB}</UniqueIdentifier>
      <Extensions>h;hh;hpp;hxx;hm;inl;inc;xsd</Extensions>
    </Filter>
    <Filter Include="资源文件">
      <UniqueIdentifier>{67DA6AB6-F800-4c08-8B7A-83BB121AAD01}</UniqueIdentifier>
      <Extensions>rc;ico;cur;bmp;dlg;rc2;rct;bin;rgs;gif;jpg;jpeg;jpe;resx;tiff;tif;png;wav;mfcribbon-ms</Extensions>
    </Filter>
    <Filter Include="源文件\src">
      <UniqueIdentifier>{a0a7cb68-4274-4dee-98de-3906dd8268f3}</UniqueIdentifier>
    </Filter>
    <Filter Include="源文件\examples">
      <UniqueIdentifier>{3b2bb194-ab8e-4791-a263-3f7ec5c93d7c}</UniqueIdentifier>
    </Filter>
    <Filter Include="源文件\cfg">
      <UniqueIdentifier>{f78ecf46-558d-4a85-ac8a-57c7a867941d}</UniqueIdentifier>
    </Filter>
  </ItemGroup>
  <ItemGroup>
    <Text Include="ReadMe.txt" />
  </ItemGroup>
  <ItemGroup>
    <ClInclude Include="stdafx.h">
      <Filter>头文件</Filter>
    </ClInclude>
    <ClInclude Include="targetver.h">
      <Filter>头文件</Filter>
    </ClInclude>
    <ClInclude Include="..\..\src\activation_layer.h">
      <Filter>头文件</Filter>
    </ClInclude>
    <ClInclude Include="..\..\src\activations.h">
      <Filter>头文件</Filter>
    </ClInclude>
    <ClInclude Include="..\..\src\avgpool_layer.h">
      <Filter>头文件</Filter>
    </ClInclude>
    <ClInclude Include="..\..\src\batchnorm_layer.h">
      <Filter>头文件</Filter>
    </ClInclude>
    <ClInclude Include="..\..\src\blas.h">
      <Filter>头文件</Filter>
    </ClInclude>
    <ClInclude Include="..\..\src\box.h">
      <Filter>头文件</Filter>
    </ClInclude>
    <ClInclude Include="..\..\src\col2im.h">
      <Filter>头文件</Filter>
    </ClInclude>
    <ClInclude Include="..\..\src\connected_layer.h">
      <Filter>头文件</Filter>
    </ClInclude>
    <ClInclude Include="..\..\src\convolutional_layer.h">
      <Filter>头文件</Filter>
    </ClInclude>
    <ClInclude Include="..\..\src\crop_layer.h">
      <Filter>头文件</Filter>
    </ClInclude>
    <ClInclude Include="..\..\src\cuda.h">
      <Filter>头文件</Filter>
    </ClInclude>
    <ClInclude Include="..\..\src\data.h">
      <Filter>头文件</Filter>
    </ClInclude>
    <ClInclude Include="..\..\src\detection_layer.h">
      <Filter>头文件</Filter>
    </ClInclude>
    <ClInclude Include="..\..\src\dropout_layer.h">
      <Filter>头文件</Filter>
    </ClInclude>
    <ClInclude Include="..\..\src\deconvolutional_layer.h">
      <Filter>头文件</Filter>
    </ClInclude>
    <ClInclude Include="..\..\src\gemm.h">
      <Filter>头文件</Filter>
    </ClInclude>
    <ClInclude Include="..\..\src\im2col.h">
      <Filter>头文件</Filter>
    </ClInclude>
    <ClInclude Include="..\..\src\image.h">
      <Filter>头文件</Filter>
    </ClInclude>
    <ClInclude Include="..\..\src\l2norm_layer.h">
      <Filter>头文件</Filter>
    </ClInclude>
    <ClInclude Include="..\..\src\layer.h">
      <Filter>头文件</Filter>
    </ClInclude>
    <ClInclude Include="..\..\src\list.h">
      <Filter>头文件</Filter>
    </ClInclude>
    <ClInclude Include="..\..\src\logistic_layer.h">
      <Filter>头文件</Filter>
    </ClInclude>
    <ClInclude Include="..\..\src\matrix.h">
      <Filter>头文件</Filter>
    </ClInclude>
    <ClInclude Include="..\..\src\maxpool_layer.h">
      <Filter>头文件</Filter>
    </ClInclude>
    <ClInclude Include="..\..\src\network.h">
      <Filter>头文件</Filter>
    </ClInclude>
    <ClInclude Include="..\..\src\normalization_layer.h">
      <Filter>头文件</Filter>
    </ClInclude>
    <ClInclude Include="..\..\src\option_list.h">
      <Filter>头文件</Filter>
    </ClInclude>
    <ClInclude Include="..\..\src\parser.h">
      <Filter>头文件</Filter>
    </ClInclude>
    <ClInclude Include="..\..\src\reorg_layer.h">
      <Filter>头文件</Filter>
    </ClInclude>
    <ClInclude Include="..\..\src\region_layer.h">
      <Filter>头文件</Filter>
    </ClInclude>
    <ClInclude Include="..\..\src\route_layer.h">
      <Filter>头文件</Filter>
    </ClInclude>
    <ClInclude Include="..\..\src\shortcut_layer.h">
      <Filter>头文件</Filter>
    </ClInclude>
    <ClInclude Include="..\..\src\softmax_layer.h">
      <Filter>头文件</Filter>
    </ClInclude>
    <ClInclude Include="..\..\src\stb_image.h">
      <Filter>头文件</Filter>
    </ClInclude>
    <ClInclude Include="..\..\src\stb_image_write.h">
      <Filter>头文件</Filter>
    </ClInclude>
    <ClInclude Include="..\..\src\tree.h">
      <Filter>头文件</Filter>
    </ClInclude>
    <ClInclude Include="..\..\src\upsample_layer.h">
      <Filter>头文件</Filter>
    </ClInclude>
    <ClInclude Include="..\..\src\utils.h">
      <Filter>头文件</Filter>
    </ClInclude>
    <ClInclude Include="..\..\src\yolo_layer.h">
      <Filter>头文件</Filter>
    </ClInclude>
    <ClInclude Include="..\..\include\gettimeofday.h">
      <Filter>头文件</Filter>
    </ClInclude>
    <ClInclude Include="..\..\include\unistd.h">
      <Filter>头文件</Filter>
    </ClInclude>
    <ClInclude Include="..\..\src\local_layer.h">
      <Filter>源文件\src</Filter>
    </ClInclude>
  </ItemGroup>
  <ItemGroup>
    <ClCompile Include="..\..\src\activation_layer.c">
      <Filter>源文件\src</Filter>
    </ClCompile>
    <ClCompile Include="..\..\src\activations.c">
      <Filter>源文件\src</Filter>
    </ClCompile>
    <ClCompile Include="..\..\src\avgpool_layer.c">
      <Filter>源文件\src</Filter>
    </ClCompile>
    <ClCompile Include="..\..\src\batchnorm_layer.c">
      <Filter>源文件\src</Filter>
    </ClCompile>
    <ClCompile Include="..\..\src\blas.c">
      <Filter>源文件\src</Filter>
    </ClCompile>
    <ClCompile Include="..\..\src\box.c">
      <Filter>源文件\src</Filter>
    </ClCompile>
    <ClCompile Include="..\..\src\col2im.c">
      <Filter>源文件\src</Filter>
    </ClCompile>
    <ClCompile Include="..\..\src\connected_layer.c">
      <Filter>源文件\src</Filter>
    </ClCompile>
    <ClCompile Include="..\..\src\convolutional_layer.c">
      <Filter>源文件\src</Filter>
    </ClCompile>
    <ClCompile Include="..\..\src\crop_layer.c">
      <Filter>源文件\src</Filter>
    </ClCompile>
    <ClCompile Include="..\..\src\cuda.c">
      <Filter>源文件\src</Filter>
    </ClCompile>
    <ClCompile Include="..\..\src\data.c">
      <Filter>源文件\src</Filter>
    </ClCompile>
    <ClCompile Include="..\..\src\deconvolutional_layer.c">
      <Filter>源文件\src</Filter>
    </ClCompile>
    <ClCompile Include="..\..\src\detection_layer.c">
      <Filter>源文件\src</Filter>
    </ClCompile>
    <ClCompile Include="..\..\src\dropout_layer.c">
      <Filter>源文件\src</Filter>
    </ClCompile>
    <ClCompile Include="..\..\src\gemm.c">
      <Filter>源文件\src</Filter>
    </ClCompile>
    <ClCompile Include="..\..\src\gettimeofday.c">
      <Filter>源文件\src</Filter>
    </ClCompile>
    <ClCompile Include="..\..\src\im2col.c">
      <Filter>源文件\src</Filter>
    </ClCompile>
    <ClCompile Include="..\..\src\image.c">
      <Filter>源文件\src</Filter>
    </ClCompile>
    <ClCompile Include="..\..\src\image_opencv.cpp">
      <Filter>源文件\src</Filter>
    </ClCompile>
    <ClCompile Include="..\..\src\l2norm_layer.c">
      <Filter>源文件\src</Filter>
    </ClCompile>
    <ClCompile Include="..\..\src\layer.c">
      <Filter>源文件\src</Filter>
    </ClCompile>
    <ClCompile Include="..\..\src\list.c">
      <Filter>源文件\src</Filter>
    </ClCompile>
    <ClCompile Include="..\..\src\local_layer.c">
      <Filter>源文件\src</Filter>
    </ClCompile>
    <ClCompile Include="..\..\src\logistic_layer.c">
      <Filter>源文件\src</Filter>
    </ClCompile>
    <ClCompile Include="..\..\src\matrix.c">
      <Filter>源文件\src</Filter>
    </ClCompile>
    <ClCompile Include="..\..\src\maxpool_layer.c">
      <Filter>源文件\src</Filter>
    </ClCompile>
    <ClCompile Include="..\..\src\network.c">
      <Filter>源文件\src</Filter>
    </ClCompile>
    <ClCompile Include="..\..\src\normalization_layer.c">
      <Filter>源文件\src</Filter>
    </ClCompile>
    <ClCompile Include="..\..\src\option_list.c">
      <Filter>源文件\src</Filter>
    </ClCompile>
    <ClCompile Include="..\..\src\parser.c">
      <Filter>源文件\src</Filter>
    </ClCompile>
    <ClCompile Include="..\..\src\region_layer.c">
      <Filter>源文件\src</Filter>
    </ClCompile>
    <ClCompile Include="..\..\src\reorg_layer.c">
      <Filter>源文件\src</Filter>
    </ClCompile>
    <ClCompile Include="..\..\src\route_layer.c">
      <Filter>源文件\src</Filter>
    </ClCompile>
    <ClCompile Include="..\..\src\shortcut_layer.c">
      <Filter>源文件\src</Filter>
    </ClCompile>
    <ClCompile Include="..\..\src\softmax_layer.c">
      <Filter>源文件\src</Filter>
    </ClCompile>
    <ClCompile Include="stdafx.cpp">
      <Filter>源文件\src</Filter>
    </ClCompile>
    <ClCompile Include="..\..\src\tree.c">
      <Filter>源文件\src</Filter>
    </ClCompile>
    <ClCompile Include="..\..\src\upsample_layer.c">
      <Filter>源文件\src</Filter>
    </ClCompile>
    <ClCompile Include="..\..\src\utils.c">
      <Filter>源文件\src</Filter>
    </ClCompile>
    <ClCompile Include="..\..\src\yolo_layer.c">
      <Filter>源文件\src</Filter>
    </ClCompile>
    <ClCompile Include="..\..\examples\darknet.c">
      <Filter>源文件\examples</Filter>
    </ClCompile>
    <ClCompile Include="..\..\examples\detector.c">
      <Filter>源文件\examples</Filter>
    </ClCompile>
  </ItemGroup>
  <ItemGroup>
    <None Include="..\..\src\activation_kernels.cu">
      <Filter>源文件\src</Filter>
    </None>
    <None Include="..\..\src\avgpool_layer_kernels.cu">
      <Filter>源文件\src</Filter>
    </None>
    <None Include="..\..\src\blas_kernels.cu">
      <Filter>源文件\src</Filter>
    </None>
    <None Include="..\..\src\col2im_kernels.cu">
      <Filter>源文件\src</Filter>
    </None>
    <None Include="..\..\src\convolutional_kernels copy.cu">
      <Filter>源文件\src</Filter>
    </None>
    <None Include="..\..\src\convolutional_kernels.cu">
      <Filter>源文件\src</Filter>
    </None>
    <None Include="..\..\src\crop_layer_kernels.cu">
      <Filter>源文件\src</Filter>
    </None>
    <None Include="..\..\src\deconvolutional_kernels.cu">
      <Filter>源文件\src</Filter>
    </None>
    <None Include="..\..\src\dropout_layer_kernels.cu">
      <Filter>源文件\src</Filter>
    </None>
    <None Include="..\..\src\im2col_kernels.cu">
      <Filter>源文件\src</Filter>
    </None>
    <None Include="..\..\src\maxpool_layer_kernels.cu">
      <Filter>源文件\src</Filter>
    </None>
    <None Include="..\..\cfg\voc_nok.data">
      <Filter>源文件\cfg</Filter>
    </None>
    <None Include="..\..\cfg\yolov3_tiny_quant_channelwise.cfg">
      <Filter>源文件\cfg</Filter>
    </None>
  </ItemGroup>
</Project>